
Microsoft Visual Studio Solution File, Format Version 12.00
# Visual Studio Version 17
VisualStudioVersion = 17.2.32630.192
MinimumVisualStudioVersion = 10.0.40219.1
Project("{FAE04EC0-301F-11D3-BF4B-00C04F79EFBC}") = "Exam", "Exam\Exam.csproj", "{12040865-C693-4D83-B988-EDEAC272DCDE}"
EndProject
Global
	GlobalSection(SolutionConfigurationPlatforms) = preSolution
		Debug|Any CPU = Debug|Any CPU
		Release|Any CPU = Release|Any CPU
	EndGlobalSection
	GlobalSection(ProjectConfigurationPlatforms) = postSolution
		{12040865-C693-4D83-B988-EDEAC272DCDE}.Debug|Any CPU.ActiveCfg = Debug|Any CPU
		{12040865-C693-4D83-B988-EDEAC272DCDE}.Debug|Any CPU.Build.0 = Debug|Any CPU
		{12040865-C693-4D83-B988-EDEAC272DCDE}.Release|Any CPU.ActiveCfg = Release|Any CPU
		{12040865-C693-4D83-B988-EDEAC272DCDE}.Release|Any CPU.Build.0 = Release|Any CPU
	EndGlobalSection
	GlobalSection(SolutionProperties) = preSolution
		HideSolutionNode = FALSE
	EndGlobalSection
	GlobalSection(ExtensibilityGlobals) = postSolution
		SolutionGuid = {82F12018-58FB-4EFC-B773-2905A3998407}
	EndGlobalSection
EndGlobal
